
Microsoft Visual Studio Solution File, Format Version 12.00
# Visual Studio Version 16
VisualStudioVersion = 16.0.31515.178
MinimumVisualStudioVersion = 10.0.40219.1
Project("{FAE04EC0-301F-11D3-BF4B-00C04F79EFBC}") = "Consola de programación", "Consola de programación\Consola de programación.csproj", "{D145169D-9A91-4D2E-AE9A-491E149126E6}"
EndProject
Global
	GlobalSection(SolutionConfigurationPlatforms) = preSolution
		Debug|Any CPU = Debug|Any CPU
		Release|Any CPU = Release|Any CPU
	EndGlobalSection
	GlobalSection(ProjectConfigurationPlatforms) = postSolution
		{D145169D-9A91-4D2E-AE9A-491E149126E6}.Debug|Any CPU.ActiveCfg = Debug|Any CPU
		{D145169D-9A91-4D2E-AE9A-491E149126E6}.Debug|Any CPU.Build.0 = Debug|Any CPU
		{D145169D-9A91-4D2E-AE9A-491E149126E6}.Release|Any CPU.ActiveCfg = Release|Any CPU
		{D145169D-9A91-4D2E-AE9A-491E149126E6}.Release|Any CPU.Build.0 = Release|Any CPU
	EndGlobalSection
	GlobalSection(SolutionProperties) = preSolution
		HideSolutionNode = FALSE
	EndGlobalSection
	GlobalSection(ExtensibilityGlobals) = postSolution
		SolutionGuid = {34E230E2-FC79-4FCD-BEA0-10906F79966A}
	EndGlobalSection
EndGlobal
